
Microsoft Visual Studio Solution File, Format Version 12.00
# Visual Studio Version 16
VisualStudioVersion = 16.0.28922.388
MinimumVisualStudioVersion = 10.0.40219.1
Project("{8BC9CEB8-8B4A-11D0-8D11-00A0C91BC942}") = "NatureInspiredAlgos", "NatureInspiredAlgos.vcxproj", "{20973E70-3868-4919-9F03-225DE83F8869}"
EndProject
Global
	GlobalSection(SolutionConfigurationPlatforms) = preSolution
		Debug|x64 = Debug|x64
		Debug|x86 = Debug|x86
		FastDebug|x64 = FastDebug|x64
		FastDebug|x86 = FastDebug|x86
		Release|x64 = Release|x64
		Release|x86 = Release|x86
	EndGlobalSection
	GlobalSection(ProjectConfigurationPlatforms) = postSolution
		{20973E70-3868-4919-9F03-225DE83F8869}.Debug|x64.ActiveCfg = Debug|x64
		{20973E70-3868-4919-9F03-225DE83F8869}.Debug|x64.Build.0 = Debug|x64
		{20973E70-3868-4919-9F03-225DE83F8869}.Debug|x86.ActiveCfg = Debug|Win32
		{20973E70-3868-4919-9F03-225DE83F8869}.Debug|x86.Build.0 = Debug|Win32
		{20973E70-3868-4919-9F03-225DE83F8869}.FastDebug|x64.ActiveCfg = FastDebug|x64
		{20973E70-3868-4919-9F03-225DE83F8869}.FastDebug|x64.Build.0 = FastDebug|x64
		{20973E70-3868-4919-9F03-225DE83F8869}.FastDebug|x86.ActiveCfg = FastDebug|Win32
		{20973E70-3868-4919-9F03-225DE83F8869}.FastDebug|x86.Build.0 = FastDebug|Win32
		{20973E70-3868-4919-9F03-225DE83F8869}.Release|x64.ActiveCfg = Release|x64
		{20973E70-3868-4919-9F03-225DE83F8869}.Release|x64.Build.0 = Release|x64
		{20973E70-3868-4919-9F03-225DE83F8869}.Release|x86.ActiveCfg = Release|Win32
		{20973E70-3868-4919-9F03-225DE83F8869}.Release|x86.Build.0 = Release|Win32
	EndGlobalSection
	GlobalSection(SolutionProperties) = preSolution
		HideSolutionNode = FALSE
	EndGlobalSection
	GlobalSection(ExtensibilityGlobals) = postSolution
		SolutionGuid = {5B1D87F3-1654-4D7B-B835-D59AE6B1C946}
	EndGlobalSection
EndGlobal
